
Microsoft Visual Studio Solution File, Format Version 12.00
# Visual Studio 2013
VisualStudioVersion = 12.0.31101.0
MinimumVisualStudioVersion = 10.0.40219.1
Project("{FAE04EC0-301F-11D3-BF4B-00C04F79EFBC}") = "SilverFernCheckerCore", "SilverFernCheckerCore\SilverFernCheckerCore.csproj", "{9F4F4BBB-6E51-4C38-9F38-32A1761B39B9}"
EndProject
Project("{FAE04EC0-301F-11D3-BF4B-00C04F79EFBC}") = "SilverFernCheckerApp", "SilverFernCheckerApp\SilverFernCheckerApp.csproj", "{DC96C87D-FCB0-4774-85AC-521BDD081F0D}"
EndProject
Project("{2150E333-8FDC-42A3-9474-1A3956D46DE8}") = "Solution Items", "Solution Items", "{2EC518E4-0CA1-4168-A69A-DA9361C28BE1}"
	ProjectSection(SolutionItems) = preProject
		README.md = README.md
	EndProjectSection
EndProject
Global
	GlobalSection(SolutionConfigurationPlatforms) = preSolution
		Debug|Any CPU = Debug|Any CPU
		Debug|Mixed Platforms = Debug|Mixed Platforms
		Debug|x86 = Debug|x86
		Release|Any CPU = Release|Any CPU
		Release|Mixed Platforms = Release|Mixed Platforms
		Release|x86 = Release|x86
	EndGlobalSection
	GlobalSection(ProjectConfigurationPlatforms) = postSolution
		{9F4F4BBB-6E51-4C38-9F38-32A1761B39B9}.Debug|Any CPU.ActiveCfg = Debug|Any CPU
		{9F4F4BBB-6E51-4C38-9F38-32A1761B39B9}.Debug|Any CPU.Build.0 = Debug|Any CPU
		{9F4F4BBB-6E51-4C38-9F38-32A1761B39B9}.Debug|Mixed Platforms.ActiveCfg = Debug|Any CPU
		{9F4F4BBB-6E51-4C38-9F38-32A1761B39B9}.Debug|Mixed Platforms.Build.0 = Debug|Any CPU
		{9F4F4BBB-6E51-4C38-9F38-32A1761B39B9}.Debug|x86.ActiveCfg = Debug|Any CPU
		{9F4F4BBB-6E51-4C38-9F38-32A1761B39B9}.Release|Any CPU.ActiveCfg = Release|Any CPU
		{9F4F4BBB-6E51-4C38-9F38-32A1761B39B9}.Release|Any CPU.Build.0 = Release|Any CPU
		{9F4F4BBB-6E51-4C38-9F38-32A1761B39B9}.Release|Mixed Platforms.ActiveCfg = Release|Any CPU
		{9F4F4BBB-6E51-4C38-9F38-32A1761B39B9}.Release|Mixed Platforms.Build.0 = Release|Any CPU
		{9F4F4BBB-6E51-4C38-9F38-32A1761B39B9}.Release|x86.ActiveCfg = Release|Any CPU
		{DC96C87D-FCB0-4774-85AC-521BDD081F0D}.Debug|Any CPU.ActiveCfg = Debug|x86
		{DC96C87D-FCB0-4774-85AC-521BDD081F0D}.Debug|Mixed Platforms.ActiveCfg = Debug|x86
		{DC96C87D-FCB0-4774-85AC-521BDD081F0D}.Debug|Mixed Platforms.Build.0 = Debug|x86
		{DC96C87D-FCB0-4774-85AC-521BDD081F0D}.Debug|x86.ActiveCfg = Debug|x86
		{DC96C87D-FCB0-4774-85AC-521BDD081F0D}.Debug|x86.Build.0 = Debug|x86
		{DC96C87D-FCB0-4774-85AC-521BDD081F0D}.Release|Any CPU.ActiveCfg = Release|x86
		{DC96C87D-FCB0-4774-85AC-521BDD081F0D}.Release|Mixed Platforms.ActiveCfg = Release|x86
		{DC96C87D-FCB0-4774-85AC-521BDD081F0D}.Release|Mixed Platforms.Build.0 = Release|x86
		{DC96C87D-FCB0-4774-85AC-521BDD081F0D}.Release|x86.ActiveCfg = Release|x86
		{DC96C87D-FCB0-4774-85AC-521BDD081F0D}.Release|x86.Build.0 = Release|x86
	EndGlobalSection
	GlobalSection(SolutionProperties) = preSolution
		HideSolutionNode = FALSE
	EndGlobalSection
EndGlobal
